// !$*UTF8*$!
{
	archiveVersion = 1;
	classes = {
	};
	objectVersion = 46;
	objects = {

/* Begin PBXBuildFile section */
		1019DBEC1E51060F00C7D6F1 /* AppDelegate.swift in Sources */ = {isa = PBXBuildFile; fileRef = 1019DBEB1E51060F00C7D6F1 /* AppDelegate.swift */; };
		1019DBEE1E51060F00C7D6F1 /* ViewController.swift in Sources */ = {isa = PBXBuildFile; fileRef = 1019DBED1E51060F00C7D6F1 /* ViewController.swift */; };
		1019DBF11E51060F00C7D6F1 /* Main.storyboard in Resources */ = {isa = PBXBuildFile; fileRef = 1019DBEF1E51060F00C7D6F1 /* Main.storyboard */; };
		1019DBF31E51060F00C7D6F1 /* Assets.xcassets in Resources */ = {isa = PBXBuildFile; fileRef = 1019DBF21E51060F00C7D6F1 /* Assets.xcassets */; };
		1019DBF61E51060F00C7D6F1 /* LaunchScreen.storyboard in Resources */ = {isa = PBXBuildFile; fileRef = 1019DBF41E51060F00C7D6F1 /* LaunchScreen.storyboard */; };
		1019DBFE1E51063D00C7D6F1 /* Dance.swift in Sources */ = {isa = PBXBuildFile; fileRef = 1019DBFD1E51063D00C7D6F1 /* Dance.swift */; };
/* End PBXBuildFile section */

/* Begin PBXFileReference section */
		1019DBE81E51060F00C7D6F1 /* DanceExample.app */ = {isa = PBXFileReference; explicitFileType = wrapper.application; includeInIndex = 0; path = DanceExample.app; sourceTree = BUILT_PRODUCTS_DIR; };
		1019DBEB1E51060F00C7D6F1 /* AppDelegate.swift */ = {isa = PBXFileReference; lastKnownFileType = sourcecode.swift; path = AppDelegate.swift; sourceTree = "<group>"; };
		1019DBED1E51060F00C7D6F1 /* ViewController.swift */ = {isa = PBXFileReference; lastKnownFileType = sourcecode.swift; path = ViewController.swift; sourceTree = "<group>"; };
		1019DBF01E51060F00C7D6F1 /* Base */ = {isa = PBXFileReference; lastKnownFileType = file.storyboard; name = Base; path = Base.lproj/Main.storyboard; sourceTree = "<group>"; };
		1019DBF21E51060F00C7D6F1 /* Assets.xcassets */ = {isa = PBXFileReference; lastKnownFileType = folder.assetcatalog; path = Assets.xcassets; sourceTree = "<group>"; };
		1019DBF51E51060F00C7D6F1 /* Base */ = {isa = PBXFileReference; lastKnownFileType = file.storyboard; name = Base; path = Base.lproj/LaunchScreen.storyboard; sourceTree = "<group>"; };
		1019DBF71E51060F00C7D6F1 /* Info.plist */ = {isa = PBXFileReference; lastKnownFileType = text.plist.xml; path = Info.plist; sourceTree = "<group>"; };
		1019DBFD1E51063D00C7D6F1 /* Dance.swift */ = {isa = PBXFileReference; fileEncoding = 4; lastKnownFileType = sourcecode.swift; path = Dance.swift; sourceTree = "<group>"; };
/* End PBXFileReference section */

/* Begin PBXFrameworksBuildPhase section */
		1019DBE51E51060F00C7D6F1 /* Frameworks */ = {
			isa = PBXFrameworksBuildPhase;
			buildActionMask = 2147483647;
			files = (
			);
			runOnlyForDeploymentPostprocessing = 0;
		};
/* End PBXFrameworksBuildPhase section */

/* Begin PBXGroup section */
		1019DBDF1E51060F00C7D6F1 = {
			isa = PBXGroup;
			children = (
				1019DBFF1E51064E00C7D6F1 /* Dance */,
				1019DBEA1E51060F00C7D6F1 /* DanceExample */,
				1019DBE91E51060F00C7D6F1 /* Products */,
			);
			sourceTree = "<group>";
		};
		1019DBE91E51060F00C7D6F1 /* Products */ = {
			isa = PBXGroup;
			children = (
				1019DBE81E51060F00C7D6F1 /* DanceExample.app */,
			);
			name = Products;
			sourceTree = "<group>";
		};
		1019DBEA1E51060F00C7D6F1 /* DanceExample */ = {
			isa = PBXGroup;
			children = (
				1019DBED1E51060F00C7D6F1 /* ViewController.swift */,
				1019DBEF1E51060F00C7D6F1 /* Main.storyboard */,
				1019DC001E51093700C7D6F1 /* Junk */,
			);
			path = DanceExample;
			sourceTree = "<group>";
		};
		1019DBFF1E51064E00C7D6F1 /* Dance */ = {
			isa = PBXGroup;
			children = (
				1019DBFD1E51063D00C7D6F1 /* Dance.swift */,
			);
			name = Dance;
			sourceTree = "<group>";
		};
		1019DC001E51093700C7D6F1 /* Junk */ = {
			isa = PBXGroup;
			children = (
				1019DBEB1E51060F00C7D6F1 /* AppDelegate.swift */,
				1019DBF21E51060F00C7D6F1 /* Assets.xcassets */,
				1019DBF41E51060F00C7D6F1 /* LaunchScreen.storyboard */,
				1019DBF71E51060F00C7D6F1 /* Info.plist */,
			);
			name = Junk;
			sourceTree = "<group>";
		};
/* End PBXGroup section */

/* Begin PBXNativeTarget section */
		1019DBE71E51060F00C7D6F1 /* DanceExample */ = {
			isa = PBXNativeTarget;
			buildConfigurationList = 1019DBFA1E51060F00C7D6F1 /* Build configuration list for PBXNativeTarget "DanceExample" */;
			buildPhases = (
				1019DBE41E51060F00C7D6F1 /* Sources */,
				1019DBE51E51060F00C7D6F1 /* Frameworks */,
				1019DBE61E51060F00C7D6F1 /* Resources */,
			);
			buildRules = (
			);
			dependencies = (
			);
			name = DanceExample;
			productName = DanceExample;
			productReference = 1019DBE81E51060F00C7D6F1 /* DanceExample.app */;
			productType = "com.apple.product-type.application";
		};
/* End PBXNativeTarget section */

/* Begin PBXProject section */
		1019DBE01E51060F00C7D6F1 /* Project object */ = {
			isa = PBXProject;
			attributes = {
				LastSwiftUpdateCheck = 0820;
				LastUpgradeCheck = 0820;
				ORGANIZATIONNAME = "Saoud Rizwan";
				TargetAttributes = {
					1019DBE71E51060F00C7D6F1 = {
						CreatedOnToolsVersion = 8.2.1;
						ProvisioningStyle = Automatic;
					};
				};
			};
			buildConfigurationList = 1019DBE31E51060F00C7D6F1 /* Build configuration list for PBXProject "DanceExample" */;
			compatibilityVersion = "Xcode 3.2";
			developmentRegion = English;
			hasScannedForEncodings = 0;
			knownRegions = (
				en,
				Base,
			);
			mainGroup = 1019DBDF1E51060F00C7D6F1;
			productRefGroup = 1019DBE91E51060F00C7D6F1 /* Products */;
			projectDirPath = "";
			projectRoot = "";
			targets = (
				1019DBE71E51060F00C7D6F1 /* DanceExample */,
			);
		};
/* End PBXProject section */

/* Begin PBXResourcesBuildPhase section */
		1019DBE61E51060F00C7D6F1 /* Resources */ = {
			isa = PBXResourcesBuildPhase;
			buildActionMask = 2147483647;
			files = (
				1019DBF61E51060F00C7D6F1 /* LaunchScreen.storyboard in Resources */,
				1019DBF31E51060F00C7D6F1 /* Assets.xcassets in Resources */,
				1019DBF11E51060F00C7D6F1 /* Main.storyboard in Resources */,
			);
			runOnlyForDeploymentPostprocessing = 0;
		};
/* End PBXResourcesBuildPhase section */

/* Begin PBXSourcesBuildPhase section */
		1019DBE41E51060F00C7D6F1 /* Sources */ = {
			isa = PBXSourcesBuildPhase;
			buildActionMask = 2147483647;
			files = (
				1019DBEE1E51060F00C7D6F1 /* ViewController.swift in Sources */,
				1019DBEC1E51060F00C7D6F1 /* AppDelegate.swift in Sources */,
				1019DBFE1E51063D00C7D6F1 /* Dance.swift in Sources */,
			);
			runOnlyForDeploymentPostprocessing = 0;
		};
/* End PBXSourcesBuildPhase section */

/* Begin PBXVariantGroup section */
		1019DBEF1E51060F00C7D6F1 /* Main.storyboard */ = {
			isa = PBXVariantGroup;
			children = (
				1019DBF01E51060F00C7D6F1 /* Base */,
			);
			name = Main.storyboard;
			sourceTree = "<group>";
		};
		1019DBF41E51060F00C7D6F1 /* LaunchScreen.storyboard */ = {
			isa = PBXVariantGroup;
			children = (
				1019DBF51E51060F00C7D6F1 /* Base */,
			);
			name = LaunchScreen.storyboard;
			sourceTree = "<group>";
		};
/* End PBXVariantGroup section */

/* Begin XCBuildConfiguration section */
		1019DBF81E51060F00C7D6F1 /* Debug */ = {
			isa = XCBuildConfiguration;
			buildSettings = {
				ALWAYS_SEARCH_USER_PATHS = NO;
				CLANG_ANALYZER_NONNULL = YES;
				CLANG_CXX_LANGUAGE_STANDARD = "gnu++0x";
				CLANG_CXX_LIBRARY = "libc++";
				CLANG_ENABLE_MODULES = YES;
				CLANG_ENABLE_OBJC_ARC = YES;
				CLANG_WARN_BOOL_CONVERSION = YES;
				CLANG_WARN_CONSTANT_CONVERSION = YES;
				CLANG_WARN_DIRECT_OBJC_ISA_USAGE = YES_ERROR;
				CLANG_WARN_DOCUMENTATION_COMMENTS = YES;
				CLANG_WARN_EMPTY_BODY = YES;
				CLANG_WARN_ENUM_CONVERSION = YES;
				CLANG_WARN_INFINITE_RECURSION = YES;
				CLANG_WARN_INT_CONVERSION = YES;
				CLANG_WARN_OBJC_ROOT_CLASS = YES_ERROR;
				CLANG_WARN_SUSPICIOUS_MOVE = YES;
				CLANG_WARN_UNREACHABLE_CODE = YES;
				CLANG_WARN__DUPLICATE_METHOD_MATCH = YES;
				"CODE_SIGN_IDENTITY[sdk=iphoneos*]" = "iPhone Developer";
				COPY_PHASE_STRIP = NO;
				DEBUG_INFORMATION_FORMAT = dwarf;
				ENABLE_STRICT_OBJC_MSGSEND = YES;
				ENABLE_TESTABILITY = YES;
				GCC_C_LANGUAGE_STANDARD = gnu99;
				GCC_DYNAMIC_NO_PIC = NO;
				GCC_NO_COMMON_BLOCKS = YES;
				GCC_OPTIMIZATION_LEVEL = 0;
				GCC_PREPROCESSOR_DEFINITIONS = (
					"DEBUG=1",
					"$(inherited)",
				);
				GCC_WARN_64_TO_32_BIT_CONVERSION = YES;
				GCC_WARN_ABOUT_RETURN_TYPE = YES_ERROR;
				GCC_WARN_UNDECLARED_SELECTOR = YES;
				GCC_WARN_UNINITIALIZED_AUTOS = YES_AGGRESSIVE;
				GCC_WARN_UNUSED_FUNCTION = YES;
				GCC_WARN_UNUSED_VARIABLE = YES;
				IPHONEOS_DEPLOYMENT_TARGET = 10.2;
				MTL_ENABLE_DEBUG_INFO = YES;
				ONLY_ACTIVE_ARCH = YES;
				SDKROOT = iphoneos;
				SWIFT_ACTIVE_COMPILATION_CONDITIONS = DEBUG;
				SWIFT_OPTIMIZATION_LEVEL = "-Onone";
				TARGETED_DEVICE_FAMILY = "1,2";
			};
			name = Debug;
		};
		1019DBF91E51060F00C7D6F1 /* Release */ = {
			isa = XCBuildConfiguration;
			buildSettings = {
				ALWAYS_SEARCH_USER_PATHS = NO;
				CLANG_ANALYZER_NONNULL = YES;
				CLANG_CXX_LANGUAGE_STANDARD = "gnu++0x";
				CLANG_CXX_LIBRARY = "libc++";
				CLANG_ENABLE_MODULES = YES;
				CLANG_ENABLE_OBJC_ARC = YES;
				CLANG_WARN_BOOL_CONVERSION = YES;
				CLANG_WARN_CONSTANT_CONVERSION = YES;
				CLANG_WARN_DIRECT_OBJC_ISA_USAGE = YES_ERROR;
				CLANG_WARN_DOCUMENTATION_COMMENTS = YES;
				CLANG_WARN_EMPTY_BODY = YES;
				CLANG_WARN_ENUM_CONVERSION = YES;
				CLANG_WARN_INFINITE_RECURSION = YES;
				CLANG_WARN_INT_CONVERSION = YES;
				CLANG_WARN_OBJC_ROOT_CLASS = YES_ERROR;
				CLANG_WARN_SUSPICIOUS_MOVE = YES;
				CLANG_WARN_UNREACHABLE_CODE = YES;
				CLANG_WARN__DUPLICATE_METHOD_MATCH = YES;
				"CODE_SIGN_IDENTITY[sdk=iphoneos*]" = "iPhone Developer";
				COPY_PHASE_STRIP = NO;
				DEBUG_INFORMATION_FORMAT = "dwarf-with-dsym";
				ENABLE_NS_ASSERTIONS = NO;
				ENABLE_STRICT_OBJC_MSGSEND = YES;
				GCC_C_LANGUAGE_STANDARD = gnu99;
				GCC_NO_COMMON_BLOCKS = YES;
				GCC_WARN_64_TO_32_BIT_CONVERSION = YES;
				GCC_WARN_ABOUT_RETURN_TYPE = YES_ERROR;
				GCC_WARN_UNDECLARED_SELECTOR = YES;
				GCC_WARN_UNINITIALIZED_AUTOS = YES_AGGRESSIVE;
				GCC_WARN_UNUSED_FUNCTION = YES;
				GCC_WARN_UNUSED_VARIABLE = YES;
				IPHONEOS_DEPLOYMENT_TARGET = 10.2;
				MTL_ENABLE_DEBUG_INFO = NO;
				SDKROOT = iphoneos;
				SWIFT_OPTIMIZATION_LEVEL = "-Owholemodule";
				TARGETED_DEVICE_FAMILY = "1,2";
				VALIDATE_PRODUCT = YES;
			};
			name = Release;
		};
		1019DBFB1E51060F00C7D6F1 /* Debug */ = {
			isa = XCBuildConfiguration;
			buildSettings = {
				ASSETCATALOG_COMPILER_APPICON_NAME = AppIcon;
				INFOPLIST_FILE = DanceExample/Info.plist;
				LD_RUNPATH_SEARCH_PATHS = "$(inherited) @executable_path/Frameworks";
				PRODUCT_BUNDLE_IDENTIFIER = saoudrizwan.DanceExample;
				PRODUCT_NAME = "$(TARGET_NAME)";
				SWIFT_VERSION = 3.0;
			};
			name = Debug;
		};
		1019DBFC1E51060F00C7D6F1 /* Release */ = {
			isa = XCBuildConfiguration;
			buildSettings = {
				ASSETCATALOG_COMPILER_APPICON_NAME = AppIcon;
				INFOPLIST_FILE = DanceExample/Info.plist;
				LD_RUNPATH_SEARCH_PATHS = "$(inherited) @executable_path/Frameworks";
				PRODUCT_BUNDLE_IDENTIFIER = saoudrizwan.DanceExample;
				PRODUCT_NAME = "$(TARGET_NAME)";
				SWIFT_VERSION = 3.0;
			};
			name = Release;
		};
/* End XCBuildConfiguration section */

/* Begin XCConfigurationList section */
		1019DBE31E51060F00C7D6F1 /* Build configuration list for PBXProject "DanceExample" */ = {
			isa = XCConfigurationList;
			buildConfigurations = (
				1019DBF81E51060F00C7D6F1 /* Debug */,
				1019DBF91E51060F00C7D6F1 /* Release */,
			);
			defaultConfigurationIsVisible = 0;
			defaultConfigurationName = Release;
		};
		1019DBFA1E51060F00C7D6F1 /* Build configuration list for PBXNativeTarget "DanceExample" */ = {
			isa = XCConfigurationList;
			buildConfigurations = (
				1019DBFB1E51060F00C7D6F1 /* Debug */,
				1019DBFC1E51060F00C7D6F1 /* Release */,
			);
			defaultConfigurationIsVisible = 0;
		};
/* End XCConfigurationList section */
	};
	rootObject = 1019DBE01E51060F00C7D6F1 /* Project object */;
}
